{
  "name": "deploy",
  "lockfileVersion": 3,
  "requires": true,
  "packages": {
    "": {
      "devDependencies": {
        "@types/eslint__js": "^8.42.3"
      }
    },
    "node_modules/@types/eslint": {
      "version": "8.56.9",
      "resolved": "https://registry.npmjs.org/@types/eslint/-/eslint-8.56.9.tgz",
      "integrity": "sha512-W4W3KcqzjJ0sHg2vAq9vfml6OhsJ53TcUjUqfzzZf/EChUtwspszj/S0pzMxnfRcO55/iGq47dscXw71Fxc4Zg==",
      "dev": true,
      "dependencies": {
        "@types/estree": "*",
        "@types/json-schema": "*"
      }
    },
    "node_modules/@types/eslint__js": {
      "version": "8.42.3",
      "resolved": "https://registry.npmjs.org/@types/eslint__js/-/eslint__js-8.42.3.tgz",
      "integrity": "sha512-alfG737uhmPdnvkrLdZLcEKJ/B8s9Y4hrZ+YAdzUeoArBlSUERA2E87ROfOaS4jd/C45fzOoZzidLc1IPwLqOw==",
      "dev": true,
      "dependencies": {
        "@types/eslint": "*"
      }
    },
    "node_modules/@types/estree": {
      "version": "1.0.5",
      "resolved": "https://registry.npmjs.org/@types/estree/-/estree-1.0.5.tgz",
      "integrity": "sha512-/kYRxGDLWzHOB7q+wtSUQlFrtcdUccpfy+X+9iMBpHK8QLLhx2wIPYuS5DYtR9Wa/YlZAbIovy7qVdB1Aq6Lyw==",
      "dev": true
    },
    "node_modules/@types/json-schema": {
      "version": "7.0.15",
      "resolved": "https://registry.npmjs.org/@types/json-schema/-/json-schema-7.0.15.tgz",
      "integrity": "sha512-5+fP8P8MFNC+AyZCDxrB2pkZFPGzqQWUzpSeuuVLvm8VMcorNYavBqoFcxK8bQz4Qsbn4oUEEem4wDLfcysGHA==",
      "dev": true
    }
  }
}
